
Microsoft Visual Studio Solution File, Format Version 12.00
# Visual Studio 15
VisualStudioVersion = 15.0.27130.2010
MinimumVisualStudioVersion = 10.0.40219.1
Project("{FAE04EC0-301F-11D3-BF4B-00C04F79EFBC}") = "NM - wyszukiwarka plików", "NM - wyszukiwarka plików\NM - wyszukiwarka plików.csproj", "{992CD6DD-FD45-4F74-919C-536BC8845CE5}"
EndProject
Global
	GlobalSection(SolutionConfigurationPlatforms) = preSolution
		Debug|Any CPU = Debug|Any CPU
		Release|Any CPU = Release|Any CPU
	EndGlobalSection
	GlobalSection(ProjectConfigurationPlatforms) = postSolution
		{992CD6DD-FD45-4F74-919C-536BC8845CE5}.Debug|Any CPU.ActiveCfg = Debug|Any CPU
		{992CD6DD-FD45-4F74-919C-536BC8845CE5}.Debug|Any CPU.Build.0 = Debug|Any CPU
		{992CD6DD-FD45-4F74-919C-536BC8845CE5}.Release|Any CPU.ActiveCfg = Release|Any CPU
		{992CD6DD-FD45-4F74-919C-536BC8845CE5}.Release|Any CPU.Build.0 = Release|Any CPU
	EndGlobalSection
	GlobalSection(SolutionProperties) = preSolution
		HideSolutionNode = FALSE
	EndGlobalSection
	GlobalSection(ExtensibilityGlobals) = postSolution
		SolutionGuid = {C522B77A-CBB5-412A-BF5B-FE4310807C5C}
	EndGlobalSection
EndGlobal
